
Microsoft Visual Studio Solution File, Format Version 12.00
# Visual Studio Version 17
VisualStudioVersion = 17.3.32819.101
MinimumVisualStudioVersion = 10.0.40219.1
Project("{FAE04EC0-301F-11D3-BF4B-00C04F79EFBC}") = "01. Smallest of Three Numbers", "01. Smallest of Three Numbers.csproj", "{DD0DF718-A63D-4ACC-B096-9B2B198BB0C5}"
EndProject
Global
	GlobalSection(SolutionConfigurationPlatforms) = preSolution
		Debug|Any CPU = Debug|Any CPU
		Release|Any CPU = Release|Any CPU
	EndGlobalSection
	GlobalSection(ProjectConfigurationPlatforms) = postSolution
		{DD0DF718-A63D-4ACC-B096-9B2B198BB0C5}.Debug|Any CPU.ActiveCfg = Debug|Any CPU
		{DD0DF718-A63D-4ACC-B096-9B2B198BB0C5}.Debug|Any CPU.Build.0 = Debug|Any CPU
		{DD0DF718-A63D-4ACC-B096-9B2B198BB0C5}.Release|Any CPU.ActiveCfg = Release|Any CPU
		{DD0DF718-A63D-4ACC-B096-9B2B198BB0C5}.Release|Any CPU.Build.0 = Release|Any CPU
	EndGlobalSection
	GlobalSection(SolutionProperties) = preSolution
		HideSolutionNode = FALSE
	EndGlobalSection
	GlobalSection(ExtensibilityGlobals) = postSolution
		SolutionGuid = {89C0D1ED-F2B0-4D74-96A2-C14F3DB2602E}
	EndGlobalSection
EndGlobal
