
Microsoft Visual Studio Solution File, Format Version 12.00
# Visual Studio Version 17
VisualStudioVersion = 17.3.32819.101
MinimumVisualStudioVersion = 10.0.40219.1
Project("{9A19103F-16F7-4668-BE54-9A1E7A4F7556}") = "01. Guinea Pig", "01. Guinea Pig.csproj", "{76462C24-61E6-4C66-80C5-CF5DEC04663A}"
EndProject
Project("{9A19103F-16F7-4668-BE54-9A1E7A4F7556}") = "02. Shopping List", "..\02. Shopping List\02. Shopping List.csproj", "{FF8B5700-DB48-48E1-81DF-102F8E77F47A}"
EndProject
Project("{FAE04EC0-301F-11D3-BF4B-00C04F79EFBC}") = "03. Heart Delivery", "..\03. Heart Delivery\03. Heart Delivery.csproj", "{A8D906DB-4A21-4298-8C57-589CF63CA1F9}"
EndProject
Global
	GlobalSection(SolutionConfigurationPlatforms) = preSolution
		Debug|Any CPU = Debug|Any CPU
		Release|Any CPU = Release|Any CPU
	EndGlobalSection
	GlobalSection(ProjectConfigurationPlatforms) = postSolution
		{76462C24-61E6-4C66-80C5-CF5DEC04663A}.Debug|Any CPU.ActiveCfg = Debug|Any CPU
		{76462C24-61E6-4C66-80C5-CF5DEC04663A}.Debug|Any CPU.Build.0 = Debug|Any CPU
		{76462C24-61E6-4C66-80C5-CF5DEC04663A}.Release|Any CPU.ActiveCfg = Release|Any CPU
		{76462C24-61E6-4C66-80C5-CF5DEC04663A}.Release|Any CPU.Build.0 = Release|Any CPU
		{FF8B5700-DB48-48E1-81DF-102F8E77F47A}.Debug|Any CPU.ActiveCfg = Debug|Any CPU
		{FF8B5700-DB48-48E1-81DF-102F8E77F47A}.Debug|Any CPU.Build.0 = Debug|Any CPU
		{FF8B5700-DB48-48E1-81DF-102F8E77F47A}.Release|Any CPU.ActiveCfg = Release|Any CPU
		{FF8B5700-DB48-48E1-81DF-102F8E77F47A}.Release|Any CPU.Build.0 = Release|Any CPU
		{A8D906DB-4A21-4298-8C57-589CF63CA1F9}.Debug|Any CPU.ActiveCfg = Debug|Any CPU
		{A8D906DB-4A21-4298-8C57-589CF63CA1F9}.Debug|Any CPU.Build.0 = Debug|Any CPU
		{A8D906DB-4A21-4298-8C57-589CF63CA1F9}.Release|Any CPU.ActiveCfg = Release|Any CPU
		{A8D906DB-4A21-4298-8C57-589CF63CA1F9}.Release|Any CPU.Build.0 = Release|Any CPU
	EndGlobalSection
	GlobalSection(SolutionProperties) = preSolution
		HideSolutionNode = FALSE
	EndGlobalSection
	GlobalSection(ExtensibilityGlobals) = postSolution
		SolutionGuid = {4851FB44-0658-485A-BD22-7E21FDA30C5B}
	EndGlobalSection
EndGlobal
