
Microsoft Visual Studio Solution File, Format Version 12.00
# Visual Studio Version 17
VisualStudioVersion = 17.3.32819.101
MinimumVisualStudioVersion = 10.0.40219.1
Project("{FAE04EC0-301F-11D3-BF4B-00C04F79EFBC}") = "01. Ages", "01. Ages.csproj", "{846098D1-88D4-4570-8753-3DD53F39A668}"
EndProject
Global
	GlobalSection(SolutionConfigurationPlatforms) = preSolution
		Debug|Any CPU = Debug|Any CPU
		Release|Any CPU = Release|Any CPU
	EndGlobalSection
	GlobalSection(ProjectConfigurationPlatforms) = postSolution
		{846098D1-88D4-4570-8753-3DD53F39A668}.Debug|Any CPU.ActiveCfg = Debug|Any CPU
		{846098D1-88D4-4570-8753-3DD53F39A668}.Debug|Any CPU.Build.0 = Debug|Any CPU
		{846098D1-88D4-4570-8753-3DD53F39A668}.Release|Any CPU.ActiveCfg = Release|Any CPU
		{846098D1-88D4-4570-8753-3DD53F39A668}.Release|Any CPU.Build.0 = Release|Any CPU
	EndGlobalSection
	GlobalSection(SolutionProperties) = preSolution
		HideSolutionNode = FALSE
	EndGlobalSection
	GlobalSection(ExtensibilityGlobals) = postSolution
		SolutionGuid = {FB0ABB36-2C7A-49BC-97CA-875B6C8991D7}
	EndGlobalSection
EndGlobal
