
Microsoft Visual Studio Solution File, Format Version 12.00
# Visual Studio Version 17
VisualStudioVersion = 17.3.32819.101
MinimumVisualStudioVersion = 10.0.40219.1
Project("{FAE04EC0-301F-11D3-BF4B-00C04F79EFBC}") = "01. Ages", "01. Ages.csproj", "{846098D1-88D4-4570-8753-3DD53F39A668}"
EndProject
Project("{FAE04EC0-301F-11D3-BF4B-00C04F79EFBC}") = "02. Division", "..\02. Division\02. Division.csproj", "{E0366CED-493D-469C-AD6E-4D714F63BD7A}"
EndProject
Project("{FAE04EC0-301F-11D3-BF4B-00C04F79EFBC}") = "03. Vacation", "..\03. Vacation\03. Vacation.csproj", "{A56B5D3B-DB9C-44AE-916A-2C723E88624B}"
EndProject
Project("{FAE04EC0-301F-11D3-BF4B-00C04F79EFBC}") = "04. Print and sum", "..\04. Print and sum\04. Print and sum.csproj", "{D418CBA5-84F5-4A5E-9456-DCFB6BE1EEA0}"
EndProject
Project("{FAE04EC0-301F-11D3-BF4B-00C04F79EFBC}") = "05. Login", "..\05. Login\05. Login.csproj", "{544F7852-9C79-4F15-8267-F958A665A662}"
EndProject
Project("{FAE04EC0-301F-11D3-BF4B-00C04F79EFBC}") = "06. Strong number", "..\06. Strong number\06. Strong number.csproj", "{FE6FC371-BC1A-4726-93E9-3208D4AB96AE}"
EndProject
Project("{FAE04EC0-301F-11D3-BF4B-00C04F79EFBC}") = "07. Vending Machine", "..\07. Vending Machine\07. Vending Machine.csproj", "{FC1B3AB1-1163-41FF-A3F7-80C0B086CF48}"
EndProject
Project("{FAE04EC0-301F-11D3-BF4B-00C04F79EFBC}") = "08. Triangle of Numbers", "..\08. Triangle of Numbers\08. Triangle of Numbers.csproj", "{73DB8BE8-B47D-40C7-BE85-67F72AAB8C70}"
EndProject
Global
	GlobalSection(SolutionConfigurationPlatforms) = preSolution
		Debug|Any CPU = Debug|Any CPU
		Release|Any CPU = Release|Any CPU
	EndGlobalSection
	GlobalSection(ProjectConfigurationPlatforms) = postSolution
		{846098D1-88D4-4570-8753-3DD53F39A668}.Debug|Any CPU.ActiveCfg = Debug|Any CPU
		{846098D1-88D4-4570-8753-3DD53F39A668}.Debug|Any CPU.Build.0 = Debug|Any CPU
		{846098D1-88D4-4570-8753-3DD53F39A668}.Release|Any CPU.ActiveCfg = Release|Any CPU
		{846098D1-88D4-4570-8753-3DD53F39A668}.Release|Any CPU.Build.0 = Release|Any CPU
		{E0366CED-493D-469C-AD6E-4D714F63BD7A}.Debug|Any CPU.ActiveCfg = Debug|Any CPU
		{E0366CED-493D-469C-AD6E-4D714F63BD7A}.Debug|Any CPU.Build.0 = Debug|Any CPU
		{E0366CED-493D-469C-AD6E-4D714F63BD7A}.Release|Any CPU.ActiveCfg = Release|Any CPU
		{E0366CED-493D-469C-AD6E-4D714F63BD7A}.Release|Any CPU.Build.0 = Release|Any CPU
		{A56B5D3B-DB9C-44AE-916A-2C723E88624B}.Debug|Any CPU.ActiveCfg = Debug|Any CPU
		{A56B5D3B-DB9C-44AE-916A-2C723E88624B}.Debug|Any CPU.Build.0 = Debug|Any CPU
		{A56B5D3B-DB9C-44AE-916A-2C723E88624B}.Release|Any CPU.ActiveCfg = Release|Any CPU
		{A56B5D3B-DB9C-44AE-916A-2C723E88624B}.Release|Any CPU.Build.0 = Release|Any CPU
		{D418CBA5-84F5-4A5E-9456-DCFB6BE1EEA0}.Debug|Any CPU.ActiveCfg = Debug|Any CPU
		{D418CBA5-84F5-4A5E-9456-DCFB6BE1EEA0}.Debug|Any CPU.Build.0 = Debug|Any CPU
		{D418CBA5-84F5-4A5E-9456-DCFB6BE1EEA0}.Release|Any CPU.ActiveCfg = Release|Any CPU
		{D418CBA5-84F5-4A5E-9456-DCFB6BE1EEA0}.Release|Any CPU.Build.0 = Release|Any CPU
		{544F7852-9C79-4F15-8267-F958A665A662}.Debug|Any CPU.ActiveCfg = Debug|Any CPU
		{544F7852-9C79-4F15-8267-F958A665A662}.Debug|Any CPU.Build.0 = Debug|Any CPU
		{544F7852-9C79-4F15-8267-F958A665A662}.Release|Any CPU.ActiveCfg = Release|Any CPU
		{544F7852-9C79-4F15-8267-F958A665A662}.Release|Any CPU.Build.0 = Release|Any CPU
		{FE6FC371-BC1A-4726-93E9-3208D4AB96AE}.Debug|Any CPU.ActiveCfg = Debug|Any CPU
		{FE6FC371-BC1A-4726-93E9-3208D4AB96AE}.Debug|Any CPU.Build.0 = Debug|Any CPU
		{FE6FC371-BC1A-4726-93E9-3208D4AB96AE}.Release|Any CPU.ActiveCfg = Release|Any CPU
		{FE6FC371-BC1A-4726-93E9-3208D4AB96AE}.Release|Any CPU.Build.0 = Release|Any CPU
		{FC1B3AB1-1163-41FF-A3F7-80C0B086CF48}.Debug|Any CPU.ActiveCfg = Debug|Any CPU
		{FC1B3AB1-1163-41FF-A3F7-80C0B086CF48}.Debug|Any CPU.Build.0 = Debug|Any CPU
		{FC1B3AB1-1163-41FF-A3F7-80C0B086CF48}.Release|Any CPU.ActiveCfg = Release|Any CPU
		{FC1B3AB1-1163-41FF-A3F7-80C0B086CF48}.Release|Any CPU.Build.0 = Release|Any CPU
		{73DB8BE8-B47D-40C7-BE85-67F72AAB8C70}.Debug|Any CPU.ActiveCfg = Debug|Any CPU
		{73DB8BE8-B47D-40C7-BE85-67F72AAB8C70}.Debug|Any CPU.Build.0 = Debug|Any CPU
		{73DB8BE8-B47D-40C7-BE85-67F72AAB8C70}.Release|Any CPU.ActiveCfg = Release|Any CPU
		{73DB8BE8-B47D-40C7-BE85-67F72AAB8C70}.Release|Any CPU.Build.0 = Release|Any CPU
	EndGlobalSection
	GlobalSection(SolutionProperties) = preSolution
		HideSolutionNode = FALSE
	EndGlobalSection
	GlobalSection(ExtensibilityGlobals) = postSolution
		SolutionGuid = {FB0ABB36-2C7A-49BC-97CA-875B6C8991D7}
	EndGlobalSection
EndGlobal
