
Microsoft Visual Studio Solution File, Format Version 12.00
# Visual Studio Version 17
VisualStudioVersion = 17.3.32819.101
MinimumVisualStudioVersion = 10.0.40219.1
Project("{9A19103F-16F7-4668-BE54-9A1E7A4F7556}") = "03. Plant Discovery", "03. Plant Discovery.csproj", "{296E5587-F4E9-4655-9795-DB95A3C4838E}"
EndProject
Global
	GlobalSection(SolutionConfigurationPlatforms) = preSolution
		Debug|Any CPU = Debug|Any CPU
		Release|Any CPU = Release|Any CPU
	EndGlobalSection
	GlobalSection(ProjectConfigurationPlatforms) = postSolution
		{296E5587-F4E9-4655-9795-DB95A3C4838E}.Debug|Any CPU.ActiveCfg = Debug|Any CPU
		{296E5587-F4E9-4655-9795-DB95A3C4838E}.Debug|Any CPU.Build.0 = Debug|Any CPU
		{296E5587-F4E9-4655-9795-DB95A3C4838E}.Release|Any CPU.ActiveCfg = Release|Any CPU
		{296E5587-F4E9-4655-9795-DB95A3C4838E}.Release|Any CPU.Build.0 = Release|Any CPU
	EndGlobalSection
	GlobalSection(SolutionProperties) = preSolution
		HideSolutionNode = FALSE
	EndGlobalSection
	GlobalSection(ExtensibilityGlobals) = postSolution
		SolutionGuid = {5912C0A9-3E28-4C16-864A-CE3D542CA9E7}
	EndGlobalSection
EndGlobal
