
Microsoft Visual Studio Solution File, Format Version 12.00
# Visual Studio Version 17
VisualStudioVersion = 17.3.32819.101
MinimumVisualStudioVersion = 10.0.40219.1
Project("{9A19103F-16F7-4668-BE54-9A1E7A4F7556}") = "01. World Tour", "01. World Tour.csproj", "{494B6F78-8F6D-4F6D-99F6-D5DBF60C4CE4}"
EndProject
Project("{9A19103F-16F7-4668-BE54-9A1E7A4F7556}") = "02. Destination Mapper", "..\02. Destination Mapper\02. Destination Mapper.csproj", "{18323B47-DAE1-4094-BFA8-1BD1AF3BAE10}"
EndProject
Global
	GlobalSection(SolutionConfigurationPlatforms) = preSolution
		Debug|Any CPU = Debug|Any CPU
		Release|Any CPU = Release|Any CPU
	EndGlobalSection
	GlobalSection(ProjectConfigurationPlatforms) = postSolution
		{494B6F78-8F6D-4F6D-99F6-D5DBF60C4CE4}.Debug|Any CPU.ActiveCfg = Debug|Any CPU
		{494B6F78-8F6D-4F6D-99F6-D5DBF60C4CE4}.Debug|Any CPU.Build.0 = Debug|Any CPU
		{494B6F78-8F6D-4F6D-99F6-D5DBF60C4CE4}.Release|Any CPU.ActiveCfg = Release|Any CPU
		{494B6F78-8F6D-4F6D-99F6-D5DBF60C4CE4}.Release|Any CPU.Build.0 = Release|Any CPU
		{18323B47-DAE1-4094-BFA8-1BD1AF3BAE10}.Debug|Any CPU.ActiveCfg = Debug|Any CPU
		{18323B47-DAE1-4094-BFA8-1BD1AF3BAE10}.Debug|Any CPU.Build.0 = Debug|Any CPU
		{18323B47-DAE1-4094-BFA8-1BD1AF3BAE10}.Release|Any CPU.ActiveCfg = Release|Any CPU
		{18323B47-DAE1-4094-BFA8-1BD1AF3BAE10}.Release|Any CPU.Build.0 = Release|Any CPU
	EndGlobalSection
	GlobalSection(SolutionProperties) = preSolution
		HideSolutionNode = FALSE
	EndGlobalSection
	GlobalSection(ExtensibilityGlobals) = postSolution
		SolutionGuid = {BEFA7FE8-515D-4F1E-AC8D-591767883824}
	EndGlobalSection
EndGlobal
